// !$*UTF8*$!
{
	archiveVersion = 1;
	classes = {
	};
	objectVersion = 56;
	objects = {

/* Begin PBXBuildFile section */
		0BFFAB3329E640FE002C249E /* AppDelegate.swift in Sources */ = {isa = PBXBuildFile; fileRef = 0BFFAB3229E640FE002C249E /* AppDelegate.swift */; };
		0BFFAB3529E640FE002C249E /* SceneDelegate.swift in Sources */ = {isa = PBXBuildFile; fileRef = 0BFFAB3429E640FE002C249E /* SceneDelegate.swift */; };
		0BFFAB3729E640FE002C249E /* ViewController.swift in Sources */ = {isa = PBXBuildFile; fileRef = 0BFFAB3629E640FE002C249E /* ViewController.swift */; };
		0BFFAB3A29E640FE002C249E /* Main.storyboard in Resources */ = {isa = PBXBuildFile; fileRef = 0BFFAB3829E640FE002C249E /* Main.storyboard */; };
		0BFFAB3C29E640FF002C249E /* Assets.xcassets in Resources */ = {isa = PBXBuildFile; fileRef = 0BFFAB3B29E640FF002C249E /* Assets.xcassets */; };
		0BFFAB3F29E640FF002C249E /* LaunchScreen.storyboard in Resources */ = {isa = PBXBuildFile; fileRef = 0BFFAB3D29E640FF002C249E /* LaunchScreen.storyboard */; };
		695E523A29EB66CA00FCFC0D /* LoginViewController.swift in Sources */ = {isa = PBXBuildFile; fileRef = 695E523929EB66CA00FCFC0D /* LoginViewController.swift */; };
		695E523C29EB66DA00FCFC0D /* SignupViewController.swift in Sources */ = {isa = PBXBuildFile; fileRef = 695E523B29EB66DA00FCFC0D /* SignupViewController.swift */; };
		695E523E29EB66E700FCFC0D /* User.swift in Sources */ = {isa = PBXBuildFile; fileRef = 695E523D29EB66E700FCFC0D /* User.swift */; };
		695E524129EB66F400FCFC0D /* ParseSwift in Frameworks */ = {isa = PBXBuildFile; productRef = 695E524029EB66F400FCFC0D /* ParseSwift */; };
/* End PBXBuildFile section */

/* Begin PBXFileReference section */
		0BFFAB2F29E640FE002C249E /* Gazelle.app */ = {isa = PBXFileReference; explicitFileType = wrapper.application; includeInIndex = 0; path = Gazelle.app; sourceTree = BUILT_PRODUCTS_DIR; };
		0BFFAB3229E640FE002C249E /* AppDelegate.swift */ = {isa = PBXFileReference; lastKnownFileType = sourcecode.swift; path = AppDelegate.swift; sourceTree = "<group>"; };
		0BFFAB3429E640FE002C249E /* SceneDelegate.swift */ = {isa = PBXFileReference; lastKnownFileType = sourcecode.swift; path = SceneDelegate.swift; sourceTree = "<group>"; };
		0BFFAB3629E640FE002C249E /* ViewController.swift */ = {isa = PBXFileReference; lastKnownFileType = sourcecode.swift; path = ViewController.swift; sourceTree = "<group>"; };
		0BFFAB3929E640FE002C249E /* Base */ = {isa = PBXFileReference; lastKnownFileType = file.storyboard; name = Base; path = Base.lproj/Main.storyboard; sourceTree = "<group>"; };
		0BFFAB3B29E640FF002C249E /* Assets.xcassets */ = {isa = PBXFileReference; lastKnownFileType = folder.assetcatalog; path = Assets.xcassets; sourceTree = "<group>"; };
		0BFFAB3E29E640FF002C249E /* Base */ = {isa = PBXFileReference; lastKnownFileType = file.storyboard; name = Base; path = Base.lproj/LaunchScreen.storyboard; sourceTree = "<group>"; };
		0BFFAB4029E640FF002C249E /* Info.plist */ = {isa = PBXFileReference; lastKnownFileType = text.plist.xml; path = Info.plist; sourceTree = "<group>"; };
		695E523929EB66CA00FCFC0D /* LoginViewController.swift */ = {isa = PBXFileReference; lastKnownFileType = sourcecode.swift; path = LoginViewController.swift; sourceTree = "<group>"; };
		695E523B29EB66DA00FCFC0D /* SignupViewController.swift */ = {isa = PBXFileReference; lastKnownFileType = sourcecode.swift; path = SignupViewController.swift; sourceTree = "<group>"; };
		695E523D29EB66E700FCFC0D /* User.swift */ = {isa = PBXFileReference; lastKnownFileType = sourcecode.swift; path = User.swift; sourceTree = "<group>"; };
/* End PBXFileReference section */

/* Begin PBXFrameworksBuildPhase section */
		0BFFAB2C29E640FE002C249E /* Frameworks */ = {
			isa = PBXFrameworksBuildPhase;
			buildActionMask = 2147483647;
			files = (
				695E524129EB66F400FCFC0D /* ParseSwift in Frameworks */,
			);
			runOnlyForDeploymentPostprocessing = 0;
		};
/* End PBXFrameworksBuildPhase section */

/* Begin PBXGroup section */
		0BFFAB2629E640FE002C249E = {
			isa = PBXGroup;
			children = (
				0BFFAB3129E640FE002C249E /* Gazelle */,
				0BFFAB3029E640FE002C249E /* Products */,
			);
			sourceTree = "<group>";
		};
		0BFFAB3029E640FE002C249E /* Products */ = {
			isa = PBXGroup;
			children = (
				0BFFAB2F29E640FE002C249E /* Gazelle.app */,
			);
			name = Products;
			sourceTree = "<group>";
		};
		0BFFAB3129E640FE002C249E /* Gazelle */ = {
			isa = PBXGroup;
			children = (
				0BFFAB3229E640FE002C249E /* AppDelegate.swift */,
				0BFFAB3429E640FE002C249E /* SceneDelegate.swift */,
				0BFFAB3629E640FE002C249E /* ViewController.swift */,
				0BFFAB3829E640FE002C249E /* Main.storyboard */,
				695E523929EB66CA00FCFC0D /* LoginViewController.swift */,
				695E523B29EB66DA00FCFC0D /* SignupViewController.swift */,
				695E523D29EB66E700FCFC0D /* User.swift */,
				0BFFAB3B29E640FF002C249E /* Assets.xcassets */,
				0BFFAB3D29E640FF002C249E /* LaunchScreen.storyboard */,
				0BFFAB4029E640FF002C249E /* Info.plist */,
			);
			path = Gazelle;
			sourceTree = "<group>";
		};
/* End PBXGroup section */

/* Begin PBXNativeTarget section */
		0BFFAB2E29E640FE002C249E /* Gazelle */ = {
			isa = PBXNativeTarget;
			buildConfigurationList = 0BFFAB4329E640FF002C249E /* Build configuration list for PBXNativeTarget "Gazelle" */;
			buildPhases = (
				0BFFAB2B29E640FE002C249E /* Sources */,
				0BFFAB2C29E640FE002C249E /* Frameworks */,
				0BFFAB2D29E640FE002C249E /* Resources */,
			);
			buildRules = (
			);
			dependencies = (
			);
			name = Gazelle;
			packageProductDependencies = (
				695E524029EB66F400FCFC0D /* ParseSwift */,
			);
			productName = Gazelle;
			productReference = 0BFFAB2F29E640FE002C249E /* Gazelle.app */;
			productType = "com.apple.product-type.application";
		};
/* End PBXNativeTarget section */

/* Begin PBXProject section */
		0BFFAB2729E640FE002C249E /* Project object */ = {
			isa = PBXProject;
			attributes = {
				BuildIndependentTargetsInParallel = 1;
				LastSwiftUpdateCheck = 1430;
				LastUpgradeCheck = 1430;
				TargetAttributes = {
					0BFFAB2E29E640FE002C249E = {
						CreatedOnToolsVersion = 14.3;
					};
				};
			};
			buildConfigurationList = 0BFFAB2A29E640FE002C249E /* Build configuration list for PBXProject "Gazelle" */;
			compatibilityVersion = "Xcode 14.0";
			developmentRegion = en;
			hasScannedForEncodings = 0;
			knownRegions = (
				en,
				Base,
			);
			mainGroup = 0BFFAB2629E640FE002C249E;
			packageReferences = (
				695E523F29EB66F400FCFC0D /* XCRemoteSwiftPackageReference "Parse-Swift" */,
			);
			productRefGroup = 0BFFAB3029E640FE002C249E /* Products */;
			projectDirPath = "";
			projectRoot = "";
			targets = (
				0BFFAB2E29E640FE002C249E /* Gazelle */,
			);
		};
/* End PBXProject section */

/* Begin PBXResourcesBuildPhase section */
		0BFFAB2D29E640FE002C249E /* Resources */ = {
			isa = PBXResourcesBuildPhase;
			buildActionMask = 2147483647;
			files = (
				0BFFAB3F29E640FF002C249E /* LaunchScreen.storyboard in Resources */,
				0BFFAB3C29E640FF002C249E /* Assets.xcassets in Resources */,
				0BFFAB3A29E640FE002C249E /* Main.storyboard in Resources */,
			);
			runOnlyForDeploymentPostprocessing = 0;
		};
/* End PBXResourcesBuildPhase section */

/* Begin PBXSourcesBuildPhase section */
		0BFFAB2B29E640FE002C249E /* Sources */ = {
			isa = PBXSourcesBuildPhase;
			buildActionMask = 2147483647;
			files = (
				695E523A29EB66CA00FCFC0D /* LoginViewController.swift in Sources */,
				0BFFAB3729E640FE002C249E /* ViewController.swift in Sources */,
				695E523E29EB66E700FCFC0D /* User.swift in Sources */,
				695E523C29EB66DA00FCFC0D /* SignupViewController.swift in Sources */,
				0BFFAB3329E640FE002C249E /* AppDelegate.swift in Sources */,
				0BFFAB3529E640FE002C249E /* SceneDelegate.swift in Sources */,
			);
			runOnlyForDeploymentPostprocessing = 0;
		};
/* End PBXSourcesBuildPhase section */

/* Begin PBXVariantGroup section */
		0BFFAB3829E640FE002C249E /* Main.storyboard */ = {
			isa = PBXVariantGroup;
			children = (
				0BFFAB3929E640FE002C249E /* Base */,
			);
			name = Main.storyboard;
			sourceTree = "<group>";
		};
		0BFFAB3D29E640FF002C249E /* LaunchScreen.storyboard */ = {
			isa = PBXVariantGroup;
			children = (
				0BFFAB3E29E640FF002C249E /* Base */,
			);
			name = LaunchScreen.storyboard;
			sourceTree = "<group>";
		};
/* End PBXVariantGroup section */

/* Begin XCBuildConfiguration section */
		0BFFAB4129E640FF002C249E /* Debug */ = {
			isa = XCBuildConfiguration;
			buildSettings = {
				ALWAYS_SEARCH_USER_PATHS = NO;
				CLANG_ANALYZER_NONNULL = YES;
				CLANG_ANALYZER_NUMBER_OBJECT_CONVERSION = YES_AGGRESSIVE;
				CLANG_CXX_LANGUAGE_STANDARD = "gnu++20";
				CLANG_ENABLE_MODULES = YES;
				CLANG_ENABLE_OBJC_ARC = YES;
				CLANG_ENABLE_OBJC_WEAK = YES;
				CLANG_WARN_BLOCK_CAPTURE_AUTORELEASING = YES;
				CLANG_WARN_BOOL_CONVERSION = YES;
				CLANG_WARN_COMMA = YES;
				CLANG_WARN_CONSTANT_CONVERSION = YES;
				CLANG_WARN_DEPRECATED_OBJC_IMPLEMENTATIONS = YES;
				CLANG_WARN_DIRECT_OBJC_ISA_USAGE = YES_ERROR;
				CLANG_WARN_DOCUMENTATION_COMMENTS = YES;
				CLANG_WARN_EMPTY_BODY = YES;
				CLANG_WARN_ENUM_CONVERSION = YES;
				CLANG_WARN_INFINITE_RECURSION = YES;
				CLANG_WARN_INT_CONVERSION = YES;
				CLANG_WARN_NON_LITERAL_NULL_CONVERSION = YES;
				CLANG_WARN_OBJC_IMPLICIT_RETAIN_SELF = YES;
				CLANG_WARN_OBJC_LITERAL_CONVERSION = YES;
				CLANG_WARN_OBJC_ROOT_CLASS = YES_ERROR;
				CLANG_WARN_QUOTED_INCLUDE_IN_FRAMEWORK_HEADER = YES;
				CLANG_WARN_RANGE_LOOP_ANALYSIS = YES;
				CLANG_WARN_STRICT_PROTOTYPES = YES;
				CLANG_WARN_SUSPICIOUS_MOVE = YES;
				CLANG_WARN_UNGUARDED_AVAILABILITY = YES_AGGRESSIVE;
				CLANG_WARN_UNREACHABLE_CODE = YES;
				CLANG_WARN__DUPLICATE_METHOD_MATCH = YES;
				COPY_PHASE_STRIP = NO;
				DEBUG_INFORMATION_FORMAT = dwarf;
				ENABLE_STRICT_OBJC_MSGSEND = YES;
				ENABLE_TESTABILITY = YES;
				GCC_C_LANGUAGE_STANDARD = gnu11;
				GCC_DYNAMIC_NO_PIC = NO;
				GCC_NO_COMMON_BLOCKS = YES;
				GCC_OPTIMIZATION_LEVEL = 0;
				GCC_PREPROCESSOR_DEFINITIONS = (
					"DEBUG=1",
					"$(inherited)",
				);
				GCC_WARN_64_TO_32_BIT_CONVERSION = YES;
				GCC_WARN_ABOUT_RETURN_TYPE = YES_ERROR;
				GCC_WARN_UNDECLARED_SELECTOR = YES;
				GCC_WARN_UNINITIALIZED_AUTOS = YES_AGGRESSIVE;
				GCC_WARN_UNUSED_FUNCTION = YES;
				GCC_WARN_UNUSED_VARIABLE = YES;
				IPHONEOS_DEPLOYMENT_TARGET = 16.4;
				MTL_ENABLE_DEBUG_INFO = INCLUDE_SOURCE;
				MTL_FAST_MATH = YES;
				ONLY_ACTIVE_ARCH = YES;
				SDKROOT = iphoneos;
				SWIFT_ACTIVE_COMPILATION_CONDITIONS = DEBUG;
				SWIFT_OPTIMIZATION_LEVEL = "-Onone";
			};
			name = Debug;
		};
		0BFFAB4229E640FF002C249E /* Release */ = {
			isa = XCBuildConfiguration;
			buildSettings = {
				ALWAYS_SEARCH_USER_PATHS = NO;
				CLANG_ANALYZER_NONNULL = YES;
				CLANG_ANALYZER_NUMBER_OBJECT_CONVERSION = YES_AGGRESSIVE;
				CLANG_CXX_LANGUAGE_STANDARD = "gnu++20";
				CLANG_ENABLE_MODULES = YES;
				CLANG_ENABLE_OBJC_ARC = YES;
				CLANG_ENABLE_OBJC_WEAK = YES;
				CLANG_WARN_BLOCK_CAPTURE_AUTORELEASING = YES;
				CLANG_WARN_BOOL_CONVERSION = YES;
				CLANG_WARN_COMMA = YES;
				CLANG_WARN_CONSTANT_CONVERSION = YES;
				CLANG_WARN_DEPRECATED_OBJC_IMPLEMENTATIONS = YES;
				CLANG_WARN_DIRECT_OBJC_ISA_USAGE = YES_ERROR;
				CLANG_WARN_DOCUMENTATION_COMMENTS = YES;
				CLANG_WARN_EMPTY_BODY = YES;
				CLANG_WARN_ENUM_CONVERSION = YES;
				CLANG_WARN_INFINITE_RECURSION = YES;
				CLANG_WARN_INT_CONVERSION = YES;
				CLANG_WARN_NON_LITERAL_NULL_CONVERSION = YES;
				CLANG_WARN_OBJC_IMPLICIT_RETAIN_SELF = YES;
				CLANG_WARN_OBJC_LITERAL_CONVERSION = YES;
				CLANG_WARN_OBJC_ROOT_CLASS = YES_ERROR;
				CLANG_WARN_QUOTED_INCLUDE_IN_FRAMEWORK_HEADER = YES;
				CLANG_WARN_RANGE_LOOP_ANALYSIS = YES;
				CLANG_WARN_STRICT_PROTOTYPES = YES;
				CLANG_WARN_SUSPICIOUS_MOVE = YES;
				CLANG_WARN_UNGUARDED_AVAILABILITY = YES_AGGRESSIVE;
				CLANG_WARN_UNREACHABLE_CODE = YES;
				CLANG_WARN__DUPLICATE_METHOD_MATCH = YES;
				COPY_PHASE_STRIP = NO;
				DEBUG_INFORMATION_FORMAT = "dwarf-with-dsym";
				ENABLE_NS_ASSERTIONS = NO;
				ENABLE_STRICT_OBJC_MSGSEND = YES;
				GCC_C_LANGUAGE_STANDARD = gnu11;
				GCC_NO_COMMON_BLOCKS = YES;
				GCC_WARN_64_TO_32_BIT_CONVERSION = YES;
				GCC_WARN_ABOUT_RETURN_TYPE = YES_ERROR;
				GCC_WARN_UNDECLARED_SELECTOR = YES;
				GCC_WARN_UNINITIALIZED_AUTOS = YES_AGGRESSIVE;
				GCC_WARN_UNUSED_FUNCTION = YES;
				GCC_WARN_UNUSED_VARIABLE = YES;
				IPHONEOS_DEPLOYMENT_TARGET = 16.4;
				MTL_ENABLE_DEBUG_INFO = NO;
				MTL_FAST_MATH = YES;
				SDKROOT = iphoneos;
				SWIFT_COMPILATION_MODE = wholemodule;
				SWIFT_OPTIMIZATION_LEVEL = "-O";
				VALIDATE_PRODUCT = YES;
			};
			name = Release;
		};
		0BFFAB4429E640FF002C249E /* Debug */ = {
			isa = XCBuildConfiguration;
			buildSettings = {
				ASSETCATALOG_COMPILER_APPICON_NAME = AppIcon;
				ASSETCATALOG_COMPILER_GLOBAL_ACCENT_COLOR_NAME = AccentColor;
				CODE_SIGN_STYLE = Automatic;
				CURRENT_PROJECT_VERSION = 1;
				DEVELOPMENT_TEAM = 2J59W23G3R;
				GENERATE_INFOPLIST_FILE = YES;
				INFOPLIST_FILE = Gazelle/Info.plist;
				INFOPLIST_KEY_UIApplicationSupportsIndirectInputEvents = YES;
				INFOPLIST_KEY_UILaunchStoryboardName = LaunchScreen;
				INFOPLIST_KEY_UIMainStoryboardFile = Main;
				INFOPLIST_KEY_UISupportedInterfaceOrientations_iPad = "UIInterfaceOrientationPortrait UIInterfaceOrientationPortraitUpsideDown UIInterfaceOrientationLandscapeLeft UIInterfaceOrientationLandscapeRight";
				INFOPLIST_KEY_UISupportedInterfaceOrientations_iPhone = "UIInterfaceOrientationPortrait UIInterfaceOrientationLandscapeLeft UIInterfaceOrientationLandscapeRight";
				IPHONEOS_DEPLOYMENT_TARGET = 14.0;
				LD_RUNPATH_SEARCH_PATHS = (
					"$(inherited)",
					"@executable_path/Frameworks",
				);
				MARKETING_VERSION = 1.0;
				PRODUCT_BUNDLE_IDENTIFIER = alm.Gazelle;
				PRODUCT_NAME = "$(TARGET_NAME)";
				SWIFT_EMIT_LOC_STRINGS = YES;
				SWIFT_VERSION = 5.0;
				TARGETED_DEVICE_FAMILY = "1,2";
			};
			name = Debug;
		};
		0BFFAB4529E640FF002C249E /* Release */ = {
			isa = XCBuildConfiguration;
			buildSettings = {
				ASSETCATALOG_COMPILER_APPICON_NAME = AppIcon;
				ASSETCATALOG_COMPILER_GLOBAL_ACCENT_COLOR_NAME = AccentColor;
				CODE_SIGN_STYLE = Automatic;
				CURRENT_PROJECT_VERSION = 1;
				DEVELOPMENT_TEAM = 2J59W23G3R;
				GENERATE_INFOPLIST_FILE = YES;
				INFOPLIST_FILE = Gazelle/Info.plist;
				INFOPLIST_KEY_UIApplicationSupportsIndirectInputEvents = YES;
				INFOPLIST_KEY_UILaunchStoryboardName = LaunchScreen;
				INFOPLIST_KEY_UIMainStoryboardFile = Main;
				INFOPLIST_KEY_UISupportedInterfaceOrientations_iPad = "UIInterfaceOrientationPortrait UIInterfaceOrientationPortraitUpsideDown UIInterfaceOrientationLandscapeLeft UIInterfaceOrientationLandscapeRight";
				INFOPLIST_KEY_UISupportedInterfaceOrientations_iPhone = "UIInterfaceOrientationPortrait UIInterfaceOrientationLandscapeLeft UIInterfaceOrientationLandscapeRight";
				IPHONEOS_DEPLOYMENT_TARGET = 14.0;
				LD_RUNPATH_SEARCH_PATHS = (
					"$(inherited)",
					"@executable_path/Frameworks",
				);
				MARKETING_VERSION = 1.0;
				PRODUCT_BUNDLE_IDENTIFIER = alm.Gazelle;
				PRODUCT_NAME = "$(TARGET_NAME)";
				SWIFT_EMIT_LOC_STRINGS = YES;
				SWIFT_VERSION = 5.0;
				TARGETED_DEVICE_FAMILY = "1,2";
			};
			name = Release;
		};
/* End XCBuildConfiguration section */

/* Begin XCConfigurationList section */
		0BFFAB2A29E640FE002C249E /* Build configuration list for PBXProject "Gazelle" */ = {
			isa = XCConfigurationList;
			buildConfigurations = (
				0BFFAB4129E640FF002C249E /* Debug */,
				0BFFAB4229E640FF002C249E /* Release */,
			);
			defaultConfigurationIsVisible = 0;
			defaultConfigurationName = Release;
		};
		0BFFAB4329E640FF002C249E /* Build configuration list for PBXNativeTarget "Gazelle" */ = {
			isa = XCConfigurationList;
			buildConfigurations = (
				0BFFAB4429E640FF002C249E /* Debug */,
				0BFFAB4529E640FF002C249E /* Release */,
			);
			defaultConfigurationIsVisible = 0;
			defaultConfigurationName = Release;
		};
/* End XCConfigurationList section */

/* Begin XCRemoteSwiftPackageReference section */
		695E523F29EB66F400FCFC0D /* XCRemoteSwiftPackageReference "Parse-Swift" */ = {
			isa = XCRemoteSwiftPackageReference;
			repositoryURL = "https://github.com/parse-community/Parse-Swift";
			requirement = {
				branch = main;
				kind = branch;
			};
		};
/* End XCRemoteSwiftPackageReference section */

/* Begin XCSwiftPackageProductDependency section */
		695E524029EB66F400FCFC0D /* ParseSwift */ = {
			isa = XCSwiftPackageProductDependency;
			package = 695E523F29EB66F400FCFC0D /* XCRemoteSwiftPackageReference "Parse-Swift" */;
			productName = ParseSwift;
		};
/* End XCSwiftPackageProductDependency section */
	};
	rootObject = 0BFFAB2729E640FE002C249E /* Project object */;
}
